// !$*UTF8*$!
{
	archiveVersion = 1;
	classes = {
	};
	objectVersion = 46;
	objects = {

/* Begin PBXBuildFile section */
		7B8F17B91BBE570B001B3047 /* AppDelegate.swift in Sources */ = {isa = PBXBuildFile; fileRef = 7B8F17B81BBE570B001B3047 /* AppDelegate.swift */; };
		7B8F17BB1BBE570B001B3047 /* GameScene.sks in Resources */ = {isa = PBXBuildFile; fileRef = 7B8F17BA1BBE570B001B3047 /* GameScene.sks */; };
		7B8F17BD1BBE570B001B3047 /* GameScene.swift in Sources */ = {isa = PBXBuildFile; fileRef = 7B8F17BC1BBE570B001B3047 /* GameScene.swift */; };
		7B8F17BF1BBE570B001B3047 /* GameViewController.swift in Sources */ = {isa = PBXBuildFile; fileRef = 7B8F17BE1BBE570B001B3047 /* GameViewController.swift */; };
		7B8F17C21BBE570B001B3047 /* Main.storyboard in Resources */ = {isa = PBXBuildFile; fileRef = 7B8F17C01BBE570B001B3047 /* Main.storyboard */; };
		7B8F17C41BBE570B001B3047 /* Assets.xcassets in Resources */ = {isa = PBXBuildFile; fileRef = 7B8F17C31BBE570B001B3047 /* Assets.xcassets */; };
		7B8F17C71BBE570B001B3047 /* LaunchScreen.storyboard in Resources */ = {isa = PBXBuildFile; fileRef = 7B8F17C51BBE570B001B3047 /* LaunchScreen.storyboard */; };
		7B8F17D21BBE570B001B3047 /* mindGOLTests.swift in Sources */ = {isa = PBXBuildFile; fileRef = 7B8F17D11BBE570B001B3047 /* mindGOLTests.swift */; };
		7B8F17DD1BBE570B001B3047 /* mindGOLUITests.swift in Sources */ = {isa = PBXBuildFile; fileRef = 7B8F17DC1BBE570B001B3047 /* mindGOLUITests.swift */; };
		7B8F17EB1BBE580C001B3047 /* assets in Resources */ = {isa = PBXBuildFile; fileRef = 7B8F17EA1BBE580C001B3047 /* assets */; settings = {ASSET_TAGS = (); }; };
		7B8F17ED1BBE77E8001B3047 /* LightBlock.swift in Sources */ = {isa = PBXBuildFile; fileRef = 7B8F17EC1BBE77E8001B3047 /* LightBlock.swift */; settings = {ASSET_TAGS = (); }; };
		7B8F17EF1BBE7D73001B3047 /* Grid.swift in Sources */ = {isa = PBXBuildFile; fileRef = 7B8F17EE1BBE7D73001B3047 /* Grid.swift */; settings = {ASSET_TAGS = (); }; };
		7BC3A6491BBF83B600E031D0 /* Board.swift in Sources */ = {isa = PBXBuildFile; fileRef = 7BC3A6481BBF83B600E031D0 /* Board.swift */; settings = {ASSET_TAGS = (); }; };
		7BC3A64B1BBF856E00E031D0 /* Button.swift in Sources */ = {isa = PBXBuildFile; fileRef = 7BC3A64A1BBF856E00E031D0 /* Button.swift */; settings = {ASSET_TAGS = (); }; };
		7BC3A6511BBF8E8C00E031D0 /* Label.swift in Sources */ = {isa = PBXBuildFile; fileRef = 7BC3A6501BBF8E8C00E031D0 /* Label.swift */; settings = {ASSET_TAGS = (); }; };
		7BC3A6541BBFADBF00E031D0 /* LabelHelper.swift in Sources */ = {isa = PBXBuildFile; fileRef = 7BC3A6531BBFADBF00E031D0 /* LabelHelper.swift */; settings = {ASSET_TAGS = (); }; };
		7BC3A6561BBFB53900E031D0 /* GridHelper.swift in Sources */ = {isa = PBXBuildFile; fileRef = 7BC3A6551BBFB53900E031D0 /* GridHelper.swift */; settings = {ASSET_TAGS = (); }; };
/* End PBXBuildFile section */

/* Begin PBXContainerItemProxy section */
		7B8F17CE1BBE570B001B3047 /* PBXContainerItemProxy */ = {
			isa = PBXContainerItemProxy;
			containerPortal = 7B8F17AD1BBE570B001B3047 /* Project object */;
			proxyType = 1;
			remoteGlobalIDString = 7B8F17B41BBE570B001B3047;
			remoteInfo = mindGOL;
		};
		7B8F17D91BBE570B001B3047 /* PBXContainerItemProxy */ = {
			isa = PBXContainerItemProxy;
			containerPortal = 7B8F17AD1BBE570B001B3047 /* Project object */;
			proxyType = 1;
			remoteGlobalIDString = 7B8F17B41BBE570B001B3047;
			remoteInfo = mindGOL;
		};
/* End PBXContainerItemProxy section */

/* Begin PBXFileReference section */
		7B8F17B51BBE570B001B3047 /* mindGOL.app */ = {isa = PBXFileReference; explicitFileType = wrapper.application; includeInIndex = 0; path = mindGOL.app; sourceTree = BUILT_PRODUCTS_DIR; };
		7B8F17B81BBE570B001B3047 /* AppDelegate.swift */ = {isa = PBXFileReference; lastKnownFileType = sourcecode.swift; path = AppDelegate.swift; sourceTree = "<group>"; };
		7B8F17BA1BBE570B001B3047 /* GameScene.sks */ = {isa = PBXFileReference; lastKnownFileType = file.sks; path = GameScene.sks; sourceTree = "<group>"; };
		7B8F17BC1BBE570B001B3047 /* GameScene.swift */ = {isa = PBXFileReference; lastKnownFileType = sourcecode.swift; path = GameScene.swift; sourceTree = "<group>"; };
		7B8F17BE1BBE570B001B3047 /* GameViewController.swift */ = {isa = PBXFileReference; lastKnownFileType = sourcecode.swift; path = GameViewController.swift; sourceTree = "<group>"; };
		7B8F17C11BBE570B001B3047 /* Base */ = {isa = PBXFileReference; lastKnownFileType = file.storyboard; name = Base; path = Base.lproj/Main.storyboard; sourceTree = "<group>"; };
		7B8F17C31BBE570B001B3047 /* Assets.xcassets */ = {isa = PBXFileReference; lastKnownFileType = folder.assetcatalog; path = Assets.xcassets; sourceTree = "<group>"; };
		7B8F17C61BBE570B001B3047 /* Base */ = {isa = PBXFileReference; lastKnownFileType = file.storyboard; name = Base; path = Base.lproj/LaunchScreen.storyboard; sourceTree = "<group>"; };
		7B8F17C81BBE570B001B3047 /* Info.plist */ = {isa = PBXFileReference; lastKnownFileType = text.plist.xml; path = Info.plist; sourceTree = "<group>"; };
		7B8F17CD1BBE570B001B3047 /* mindGOLTests.xctest */ = {isa = PBXFileReference; explicitFileType = wrapper.cfbundle; includeInIndex = 0; path = mindGOLTests.xctest; sourceTree = BUILT_PRODUCTS_DIR; };
		7B8F17D11BBE570B001B3047 /* mindGOLTests.swift */ = {isa = PBXFileReference; lastKnownFileType = sourcecode.swift; path = mindGOLTests.swift; sourceTree = "<group>"; };
		7B8F17D31BBE570B001B3047 /* Info.plist */ = {isa = PBXFileReference; lastKnownFileType = text.plist.xml; path = Info.plist; sourceTree = "<group>"; };
		7B8F17D81BBE570B001B3047 /* mindGOLUITests.xctest */ = {isa = PBXFileReference; explicitFileType = wrapper.cfbundle; includeInIndex = 0; path = mindGOLUITests.xctest; sourceTree = BUILT_PRODUCTS_DIR; };
		7B8F17DC1BBE570B001B3047 /* mindGOLUITests.swift */ = {isa = PBXFileReference; lastKnownFileType = sourcecode.swift; path = mindGOLUITests.swift; sourceTree = "<group>"; };
		7B8F17DE1BBE570B001B3047 /* Info.plist */ = {isa = PBXFileReference; lastKnownFileType = text.plist.xml; path = Info.plist; sourceTree = "<group>"; };
		7B8F17EA1BBE580C001B3047 /* assets */ = {isa = PBXFileReference; lastKnownFileType = folder; path = assets; sourceTree = "<group>"; };
		7B8F17EC1BBE77E8001B3047 /* LightBlock.swift */ = {isa = PBXFileReference; fileEncoding = 4; lastKnownFileType = sourcecode.swift; path = LightBlock.swift; sourceTree = "<group>"; };
		7B8F17EE1BBE7D73001B3047 /* Grid.swift */ = {isa = PBXFileReference; fileEncoding = 4; lastKnownFileType = sourcecode.swift; path = Grid.swift; sourceTree = "<group>"; };
		7BC3A6481BBF83B600E031D0 /* Board.swift */ = {isa = PBXFileReference; fileEncoding = 4; lastKnownFileType = sourcecode.swift; path = Board.swift; sourceTree = "<group>"; };
		7BC3A64A1BBF856E00E031D0 /* Button.swift */ = {isa = PBXFileReference; fileEncoding = 4; lastKnownFileType = sourcecode.swift; path = Button.swift; sourceTree = "<group>"; };
		7BC3A6501BBF8E8C00E031D0 /* Label.swift */ = {isa = PBXFileReference; fileEncoding = 4; lastKnownFileType = sourcecode.swift; path = Label.swift; sourceTree = "<group>"; };
		7BC3A6531BBFADBF00E031D0 /* LabelHelper.swift */ = {isa = PBXFileReference; fileEncoding = 4; lastKnownFileType = sourcecode.swift; path = LabelHelper.swift; sourceTree = "<group>"; };
		7BC3A6551BBFB53900E031D0 /* GridHelper.swift */ = {isa = PBXFileReference; fileEncoding = 4; lastKnownFileType = sourcecode.swift; path = GridHelper.swift; sourceTree = "<group>"; };
/* End PBXFileReference section */

/* Begin PBXFrameworksBuildPhase section */
		7B8F17B21BBE570B001B3047 /* Frameworks */ = {
			isa = PBXFrameworksBuildPhase;
			buildActionMask = 2147483647;
			files = (
			);
			runOnlyForDeploymentPostprocessing = 0;
		};
		7B8F17CA1BBE570B001B3047 /* Frameworks */ = {
			isa = PBXFrameworksBuildPhase;
			buildActionMask = 2147483647;
			files = (
			);
			runOnlyForDeploymentPostprocessing = 0;
		};
		7B8F17D51BBE570B001B3047 /* Frameworks */ = {
			isa = PBXFrameworksBuildPhase;
			buildActionMask = 2147483647;
			files = (
			);
			runOnlyForDeploymentPostprocessing = 0;
		};
/* End PBXFrameworksBuildPhase section */

/* Begin PBXGroup section */
		7B8F17AC1BBE570B001B3047 = {
			isa = PBXGroup;
			children = (
				7B8F17B71BBE570B001B3047 /* mindGOL */,
				7B8F17D01BBE570B001B3047 /* mindGOLTests */,
				7B8F17DB1BBE570B001B3047 /* mindGOLUITests */,
				7B8F17B61BBE570B001B3047 /* Products */,
			);
			sourceTree = "<group>";
		};
		7B8F17B61BBE570B001B3047 /* Products */ = {
			isa = PBXGroup;
			children = (
				7B8F17B51BBE570B001B3047 /* mindGOL.app */,
				7B8F17CD1BBE570B001B3047 /* mindGOLTests.xctest */,
				7B8F17D81BBE570B001B3047 /* mindGOLUITests.xctest */,
			);
			name = Products;
			sourceTree = "<group>";
		};
		7B8F17B71BBE570B001B3047 /* mindGOL */ = {
			isa = PBXGroup;
			children = (
				7BC3A6521BBFADB000E031D0 /* Helper */,
				7B8F17EA1BBE580C001B3047 /* assets */,
				7BC3A6471BBF75F700E031D0 /* SpriteNodes */,
				7B8F17B81BBE570B001B3047 /* AppDelegate.swift */,
				7B8F17BA1BBE570B001B3047 /* GameScene.sks */,
				7B8F17BC1BBE570B001B3047 /* GameScene.swift */,
				7B8F17BE1BBE570B001B3047 /* GameViewController.swift */,
				7B8F17C01BBE570B001B3047 /* Main.storyboard */,
				7B8F17C31BBE570B001B3047 /* Assets.xcassets */,
				7B8F17C51BBE570B001B3047 /* LaunchScreen.storyboard */,
				7B8F17C81BBE570B001B3047 /* Info.plist */,
			);
			path = mindGOL;
			sourceTree = "<group>";
		};
		7B8F17D01BBE570B001B3047 /* mindGOLTests */ = {
			isa = PBXGroup;
			children = (
				7B8F17D11BBE570B001B3047 /* mindGOLTests.swift */,
				7B8F17D31BBE570B001B3047 /* Info.plist */,
			);
			path = mindGOLTests;
			sourceTree = "<group>";
		};
		7B8F17DB1BBE570B001B3047 /* mindGOLUITests */ = {
			isa = PBXGroup;
			children = (
				7B8F17DC1BBE570B001B3047 /* mindGOLUITests.swift */,
				7B8F17DE1BBE570B001B3047 /* Info.plist */,
			);
			path = mindGOLUITests;
			sourceTree = "<group>";
		};
		7BC3A6471BBF75F700E031D0 /* SpriteNodes */ = {
			isa = PBXGroup;
			children = (
				7B8F17EC1BBE77E8001B3047 /* LightBlock.swift */,
				7B8F17EE1BBE7D73001B3047 /* Grid.swift */,
				7BC3A6481BBF83B600E031D0 /* Board.swift */,
				7BC3A64A1BBF856E00E031D0 /* Button.swift */,
				7BC3A6501BBF8E8C00E031D0 /* Label.swift */,
			);
			name = SpriteNodes;
			sourceTree = "<group>";
		};
		7BC3A6521BBFADB000E031D0 /* Helper */ = {
			isa = PBXGroup;
			children = (
				7BC3A6531BBFADBF00E031D0 /* LabelHelper.swift */,
				7BC3A6551BBFB53900E031D0 /* GridHelper.swift */,
			);
			name = Helper;
			sourceTree = "<group>";
		};
/* End PBXGroup section */

/* Begin PBXNativeTarget section */
		7B8F17B41BBE570B001B3047 /* mindGOL */ = {
			isa = PBXNativeTarget;
			buildConfigurationList = 7B8F17E11BBE570B001B3047 /* Build configuration list for PBXNativeTarget "mindGOL" */;
			buildPhases = (
				7B8F17B11BBE570B001B3047 /* Sources */,
				7B8F17B21BBE570B001B3047 /* Frameworks */,
				7B8F17B31BBE570B001B3047 /* Resources */,
			);
			buildRules = (
			);
			dependencies = (
			);
			name = mindGOL;
			productName = mindGOL;
			productReference = 7B8F17B51BBE570B001B3047 /* mindGOL.app */;
			productType = "com.apple.product-type.application";
		};
		7B8F17CC1BBE570B001B3047 /* mindGOLTests */ = {
			isa = PBXNativeTarget;
			buildConfigurationList = 7B8F17E41BBE570B001B3047 /* Build configuration list for PBXNativeTarget "mindGOLTests" */;
			buildPhases = (
				7B8F17C91BBE570B001B3047 /* Sources */,
				7B8F17CA1BBE570B001B3047 /* Frameworks */,
				7B8F17CB1BBE570B001B3047 /* Resources */,
			);
			buildRules = (
			);
			dependencies = (
				7B8F17CF1BBE570B001B3047 /* PBXTargetDependency */,
			);
			name = mindGOLTests;
			productName = mindGOLTests;
			productReference = 7B8F17CD1BBE570B001B3047 /* mindGOLTests.xctest */;
			productType = "com.apple.product-type.bundle.unit-test";
		};
		7B8F17D71BBE570B001B3047 /* mindGOLUITests */ = {
			isa = PBXNativeTarget;
			buildConfigurationList = 7B8F17E71BBE570B001B3047 /* Build configuration list for PBXNativeTarget "mindGOLUITests" */;
			buildPhases = (
				7B8F17D41BBE570B001B3047 /* Sources */,
				7B8F17D51BBE570B001B3047 /* Frameworks */,
				7B8F17D61BBE570B001B3047 /* Resources */,
			);
			buildRules = (
			);
			dependencies = (
				7B8F17DA1BBE570B001B3047 /* PBXTargetDependency */,
			);
			name = mindGOLUITests;
			productName = mindGOLUITests;
			productReference = 7B8F17D81BBE570B001B3047 /* mindGOLUITests.xctest */;
			productType = "com.apple.product-type.bundle.ui-testing";
		};
/* End PBXNativeTarget section */

/* Begin PBXProject section */
		7B8F17AD1BBE570B001B3047 /* Project object */ = {
			isa = PBXProject;
			attributes = {
				LastUpgradeCheck = 0700;
				ORGANIZATIONNAME = ChunQhai;
				TargetAttributes = {
					7B8F17B41BBE570B001B3047 = {
						CreatedOnToolsVersion = 7.0.1;
					};
					7B8F17CC1BBE570B001B3047 = {
						CreatedOnToolsVersion = 7.0.1;
						TestTargetID = 7B8F17B41BBE570B001B3047;
					};
					7B8F17D71BBE570B001B3047 = {
						CreatedOnToolsVersion = 7.0.1;
						TestTargetID = 7B8F17B41BBE570B001B3047;
					};
				};
			};
			buildConfigurationList = 7B8F17B01BBE570B001B3047 /* Build configuration list for PBXProject "mindGOL" */;
			compatibilityVersion = "Xcode 3.2";
			developmentRegion = English;
			hasScannedForEncodings = 0;
			knownRegions = (
				en,
				Base,
			);
			mainGroup = 7B8F17AC1BBE570B001B3047;
			productRefGroup = 7B8F17B61BBE570B001B3047 /* Products */;
			projectDirPath = "";
			projectRoot = "";
			targets = (
				7B8F17B41BBE570B001B3047 /* mindGOL */,
				7B8F17CC1BBE570B001B3047 /* mindGOLTests */,
				7B8F17D71BBE570B001B3047 /* mindGOLUITests */,
			);
		};
/* End PBXProject section */

/* Begin PBXResourcesBuildPhase section */
		7B8F17B31BBE570B001B3047 /* Resources */ = {
			isa = PBXResourcesBuildPhase;
			buildActionMask = 2147483647;
			files = (
				7B8F17EB1BBE580C001B3047 /* assets in Resources */,
				7B8F17BB1BBE570B001B3047 /* GameScene.sks in Resources */,
				7B8F17C71BBE570B001B3047 /* LaunchScreen.storyboard in Resources */,
				7B8F17C41BBE570B001B3047 /* Assets.xcassets in Resources */,
				7B8F17C21BBE570B001B3047 /* Main.storyboard in Resources */,
			);
			runOnlyForDeploymentPostprocessing = 0;
		};
		7B8F17CB1BBE570B001B3047 /* Resources */ = {
			isa = PBXResourcesBuildPhase;
			buildActionMask = 2147483647;
			files = (
			);
			runOnlyForDeploymentPostprocessing = 0;
		};
		7B8F17D61BBE570B001B3047 /* Resources */ = {
			isa = PBXResourcesBuildPhase;
			buildActionMask = 2147483647;
			files = (
			);
			runOnlyForDeploymentPostprocessing = 0;
		};
/* End PBXResourcesBuildPhase section */

/* Begin PBXSourcesBuildPhase section */
		7B8F17B11BBE570B001B3047 /* Sources */ = {
			isa = PBXSourcesBuildPhase;
			buildActionMask = 2147483647;
			files = (
				7B8F17BD1BBE570B001B3047 /* GameScene.swift in Sources */,
				7B8F17BF1BBE570B001B3047 /* GameViewController.swift in Sources */,
				7BC3A6491BBF83B600E031D0 /* Board.swift in Sources */,
				7B8F17ED1BBE77E8001B3047 /* LightBlock.swift in Sources */,
				7BC3A6541BBFADBF00E031D0 /* LabelHelper.swift in Sources */,
				7BC3A6561BBFB53900E031D0 /* GridHelper.swift in Sources */,
				7B8F17EF1BBE7D73001B3047 /* Grid.swift in Sources */,
				7BC3A6511BBF8E8C00E031D0 /* Label.swift in Sources */,
				7B8F17B91BBE570B001B3047 /* AppDelegate.swift in Sources */,
				7BC3A64B1BBF856E00E031D0 /* Button.swift in Sources */,
			);
			runOnlyForDeploymentPostprocessing = 0;
		};
		7B8F17C91BBE570B001B3047 /* Sources */ = {
			isa = PBXSourcesBuildPhase;
			buildActionMask = 2147483647;
			files = (
				7B8F17D21BBE570B001B3047 /* mindGOLTests.swift in Sources */,
			);
			runOnlyForDeploymentPostprocessing = 0;
		};
		7B8F17D41BBE570B001B3047 /* Sources */ = {
			isa = PBXSourcesBuildPhase;
			buildActionMask = 2147483647;
			files = (
				7B8F17DD1BBE570B001B3047 /* mindGOLUITests.swift in Sources */,
			);
			runOnlyForDeploymentPostprocessing = 0;
		};
/* End PBXSourcesBuildPhase section */

/* Begin PBXTargetDependency section */
		7B8F17CF1BBE570B001B3047 /* PBXTargetDependency */ = {
			isa = PBXTargetDependency;
			target = 7B8F17B41BBE570B001B3047 /* mindGOL */;
			targetProxy = 7B8F17CE1BBE570B001B3047 /* PBXContainerItemProxy */;
		};
		7B8F17DA1BBE570B001B3047 /* PBXTargetDependency */ = {
			isa = PBXTargetDependency;
			target = 7B8F17B41BBE570B001B3047 /* mindGOL */;
			targetProxy = 7B8F17D91BBE570B001B3047 /* PBXContainerItemProxy */;
		};
/* End PBXTargetDependency section */

/* Begin PBXVariantGroup section */
		7B8F17C01BBE570B001B3047 /* Main.storyboard */ = {
			isa = PBXVariantGroup;
			children = (
				7B8F17C11BBE570B001B3047 /* Base */,
			);
			name = Main.storyboard;
			sourceTree = "<group>";
		};
		7B8F17C51BBE570B001B3047 /* LaunchScreen.storyboard */ = {
			isa = PBXVariantGroup;
			children = (
				7B8F17C61BBE570B001B3047 /* Base */,
			);
			name = LaunchScreen.storyboard;
			sourceTree = "<group>";
		};
/* End PBXVariantGroup section */

/* Begin XCBuildConfiguration section */
		7B8F17DF1BBE570B001B3047 /* Debug */ = {
			isa = XCBuildConfiguration;
			buildSettings = {
				ALWAYS_SEARCH_USER_PATHS = NO;
				CLANG_CXX_LANGUAGE_STANDARD = "gnu++0x";
				CLANG_CXX_LIBRARY = "libc++";
				CLANG_ENABLE_MODULES = YES;
				CLANG_ENABLE_OBJC_ARC = YES;
				CLANG_WARN_BOOL_CONVERSION = YES;
				CLANG_WARN_CONSTANT_CONVERSION = YES;
				CLANG_WARN_DIRECT_OBJC_ISA_USAGE = YES_ERROR;
				CLANG_WARN_EMPTY_BODY = YES;
				CLANG_WARN_ENUM_CONVERSION = YES;
				CLANG_WARN_INT_CONVERSION = YES;
				CLANG_WARN_OBJC_ROOT_CLASS = YES_ERROR;
				CLANG_WARN_UNREACHABLE_CODE = YES;
				CLANG_WARN__DUPLICATE_METHOD_MATCH = YES;
				"CODE_SIGN_IDENTITY[sdk=iphoneos*]" = "iPhone Developer";
				COPY_PHASE_STRIP = NO;
				DEBUG_INFORMATION_FORMAT = "dwarf-with-dsym";
				ENABLE_STRICT_OBJC_MSGSEND = YES;
				ENABLE_TESTABILITY = YES;
				GCC_C_LANGUAGE_STANDARD = gnu99;
				GCC_DYNAMIC_NO_PIC = NO;
				GCC_NO_COMMON_BLOCKS = YES;
				GCC_OPTIMIZATION_LEVEL = 0;
				GCC_PREPROCESSOR_DEFINITIONS = (
					"DEBUG=1",
					"$(inherited)",
				);
				GCC_WARN_64_TO_32_BIT_CONVERSION = YES;
				GCC_WARN_ABOUT_RETURN_TYPE = YES_ERROR;
				GCC_WARN_UNDECLARED_SELECTOR = YES;
				GCC_WARN_UNINITIALIZED_AUTOS = YES_AGGRESSIVE;
				GCC_WARN_UNUSED_FUNCTION = YES;
				GCC_WARN_UNUSED_VARIABLE = YES;
				IPHONEOS_DEPLOYMENT_TARGET = 9.0;
				MTL_ENABLE_DEBUG_INFO = YES;
				ONLY_ACTIVE_ARCH = YES;
				SDKROOT = iphoneos;
				SWIFT_OPTIMIZATION_LEVEL = "-Onone";
			};
			name = Debug;
		};
		7B8F17E01BBE570B001B3047 /* Release */ = {
			isa = XCBuildConfiguration;
			buildSettings = {
				ALWAYS_SEARCH_USER_PATHS = NO;
				CLANG_CXX_LANGUAGE_STANDARD = "gnu++0x";
				CLANG_CXX_LIBRARY = "libc++";
				CLANG_ENABLE_MODULES = YES;
				CLANG_ENABLE_OBJC_ARC = YES;
				CLANG_WARN_BOOL_CONVERSION = YES;
				CLANG_WARN_CONSTANT_CONVERSION = YES;
				CLANG_WARN_DIRECT_OBJC_ISA_USAGE = YES_ERROR;
				CLANG_WARN_EMPTY_BODY = YES;
				CLANG_WARN_ENUM_CONVERSION = YES;
				CLANG_WARN_INT_CONVERSION = YES;
				CLANG_WARN_OBJC_ROOT_CLASS = YES_ERROR;
				CLANG_WARN_UNREACHABLE_CODE = YES;
				CLANG_WARN__DUPLICATE_METHOD_MATCH = YES;
				"CODE_SIGN_IDENTITY[sdk=iphoneos*]" = "iPhone Developer";
				COPY_PHASE_STRIP = NO;
				DEBUG_INFORMATION_FORMAT = "dwarf-with-dsym";
				ENABLE_NS_ASSERTIONS = NO;
				ENABLE_STRICT_OBJC_MSGSEND = YES;
				GCC_C_LANGUAGE_STANDARD = gnu99;
				GCC_NO_COMMON_BLOCKS = YES;
				GCC_WARN_64_TO_32_BIT_CONVERSION = YES;
				GCC_WARN_ABOUT_RETURN_TYPE = YES_ERROR;
				GCC_WARN_UNDECLARED_SELECTOR = YES;
				GCC_WARN_UNINITIALIZED_AUTOS = YES_AGGRESSIVE;
				GCC_WARN_UNUSED_FUNCTION = YES;
				GCC_WARN_UNUSED_VARIABLE = YES;
				IPHONEOS_DEPLOYMENT_TARGET = 9.0;
				MTL_ENABLE_DEBUG_INFO = NO;
				SDKROOT = iphoneos;
				VALIDATE_PRODUCT = YES;
			};
			name = Release;
		};
		7B8F17E21BBE570B001B3047 /* Debug */ = {
			isa = XCBuildConfiguration;
			buildSettings = {
				ASSETCATALOG_COMPILER_APPICON_NAME = AppIcon;
				INFOPLIST_FILE = mindGOL/Info.plist;
				IPHONEOS_DEPLOYMENT_TARGET = 8.0;
				LD_RUNPATH_SEARCH_PATHS = "$(inherited) @executable_path/Frameworks";
				PRODUCT_BUNDLE_IDENTIFIER = ChunQhai.mindGOL;
				PRODUCT_NAME = "$(TARGET_NAME)";
			};
			name = Debug;
		};
		7B8F17E31BBE570B001B3047 /* Release */ = {
			isa = XCBuildConfiguration;
			buildSettings = {
				ASSETCATALOG_COMPILER_APPICON_NAME = AppIcon;
				INFOPLIST_FILE = mindGOL/Info.plist;
				IPHONEOS_DEPLOYMENT_TARGET = 8.0;
				LD_RUNPATH_SEARCH_PATHS = "$(inherited) @executable_path/Frameworks";
				PRODUCT_BUNDLE_IDENTIFIER = ChunQhai.mindGOL;
				PRODUCT_NAME = "$(TARGET_NAME)";
			};
			name = Release;
		};
		7B8F17E51BBE570B001B3047 /* Debug */ = {
			isa = XCBuildConfiguration;
			buildSettings = {
				BUNDLE_LOADER = "$(TEST_HOST)";
				DEBUG_INFORMATION_FORMAT = dwarf;
				INFOPLIST_FILE = mindGOLTests/Info.plist;
				LD_RUNPATH_SEARCH_PATHS = "$(inherited) @executable_path/Frameworks @loader_path/Frameworks";
				PRODUCT_BUNDLE_IDENTIFIER = ChunQhai.mindGOLTests;
				PRODUCT_NAME = "$(TARGET_NAME)";
				TEST_HOST = "$(BUILT_PRODUCTS_DIR)/mindGOL.app/mindGOL";
			};
			name = Debug;
		};
		7B8F17E61BBE570B001B3047 /* Release */ = {
			isa = XCBuildConfiguration;
			buildSettings = {
				BUNDLE_LOADER = "$(TEST_HOST)";
				INFOPLIST_FILE = mindGOLTests/Info.plist;
				LD_RUNPATH_SEARCH_PATHS = "$(inherited) @executable_path/Frameworks @loader_path/Frameworks";
				PRODUCT_BUNDLE_IDENTIFIER = ChunQhai.mindGOLTests;
				PRODUCT_NAME = "$(TARGET_NAME)";
				TEST_HOST = "$(BUILT_PRODUCTS_DIR)/mindGOL.app/mindGOL";
			};
			name = Release;
		};
		7B8F17E81BBE570B001B3047 /* Debug */ = {
			isa = XCBuildConfiguration;
			buildSettings = {
				DEBUG_INFORMATION_FORMAT = dwarf;
				INFOPLIST_FILE = mindGOLUITests/Info.plist;
				LD_RUNPATH_SEARCH_PATHS = "$(inherited) @executable_path/Frameworks @loader_path/Frameworks";
				PRODUCT_BUNDLE_IDENTIFIER = ChunQhai.mindGOLUITests;
				PRODUCT_NAME = "$(TARGET_NAME)";
				TEST_TARGET_NAME = mindGOL;
				USES_XCTRUNNER = YES;
			};
			name = Debug;
		};
		7B8F17E91BBE570B001B3047 /* Release */ = {
			isa = XCBuildConfiguration;
			buildSettings = {
				INFOPLIST_FILE = mindGOLUITests/Info.plist;
				LD_RUNPATH_SEARCH_PATHS = "$(inherited) @executable_path/Frameworks @loader_path/Frameworks";
				PRODUCT_BUNDLE_IDENTIFIER = ChunQhai.mindGOLUITests;
				PRODUCT_NAME = "$(TARGET_NAME)";
				TEST_TARGET_NAME = mindGOL;
				USES_XCTRUNNER = YES;
			};
			name = Release;
		};
/* End XCBuildConfiguration section */

/* Begin XCConfigurationList section */
		7B8F17B01BBE570B001B3047 /* Build configuration list for PBXProject "mindGOL" */ = {
			isa = XCConfigurationList;
			buildConfigurations = (
				7B8F17DF1BBE570B001B3047 /* Debug */,
				7B8F17E01BBE570B001B3047 /* Release */,
			);
			defaultConfigurationIsVisible = 0;
			defaultConfigurationName = Release;
		};
		7B8F17E11BBE570B001B3047 /* Build configuration list for PBXNativeTarget "mindGOL" */ = {
			isa = XCConfigurationList;
			buildConfigurations = (
				7B8F17E21BBE570B001B3047 /* Debug */,
				7B8F17E31BBE570B001B3047 /* Release */,
			);
			defaultConfigurationIsVisible = 0;
			defaultConfigurationName = Release;
		};
		7B8F17E41BBE570B001B3047 /* Build configuration list for PBXNativeTarget "mindGOLTests" */ = {
			isa = XCConfigurationList;
			buildConfigurations = (
				7B8F17E51BBE570B001B3047 /* Debug */,
				7B8F17E61BBE570B001B3047 /* Release */,
			);
			defaultConfigurationIsVisible = 0;
			defaultConfigurationName = Release;
		};
		7B8F17E71BBE570B001B3047 /* Build configuration list for PBXNativeTarget "mindGOLUITests" */ = {
			isa = XCConfigurationList;
			buildConfigurations = (
				7B8F17E81BBE570B001B3047 /* Debug */,
				7B8F17E91BBE570B001B3047 /* Release */,
			);
			defaultConfigurationIsVisible = 0;
			defaultConfigurationName = Release;
		};
/* End XCConfigurationList section */
	};
	rootObject = 7B8F17AD1BBE570B001B3047 /* Project object */;
}
